{
  "meteor": {},
  "dependencies": {
    "basePackages": {
      "jquery-ui": {},
      "iron-router": {
        "git": "https://github.com/EventedMind/iron-router.git",
        "branch": "master"
      },
      "scss": {},
      "autocomplete": {
        "git": "https://github.com/kevinzenghu/meteor-autocomplete.git",
        "branch": "master"
      },
      "font-awesome": {},
      "tutorials": {
        "git": "https://github.com/kevinzenghu/meteor-tutorials.git",
        "branch": "master"
      },
      "ms-seo": {}
    },
    "packages": {
      "jquery-ui": {
        "git": "https://github.com/TimHeckel/meteor-jquery-ui.git",
        "tag": "v1.9.2",
        "commit": "c437d45edcf1367df8d5ffa8bad2867758030bd2"
      },
      "iron-router": {
        "git": "https://github.com/EventedMind/iron-router.git",
        "branch": "master",
        "commit": "ff274326a8dd75292e69977ae6e32c786d50746e"
      },
      "scss": {
        "git": "https://github.com/fourseven/meteor-scss.git",
        "tag": "v0.7.0",
        "commit": "39f60d58c2b890bdd897ef52188644f3093fc2ac"
      },
      "autocomplete": {
        "git": "https://github.com/kevinzenghu/meteor-autocomplete.git",
        "branch": "master",
        "commit": "ba40db5505419671335db5e8d748ba2116cd0590"
      },
      "font-awesome": {
        "git": "https://github.com/nate-strauser/meteor-font-awesome.git",
        "tag": "v4.0.3",
        "commit": "61e9361384347547ae144f8228faa4deffda23db"
      },
      "tutorials": {
        "git": "https://github.com/kevinzenghu/meteor-tutorials.git",
        "branch": "master",
        "commit": "ae1ee2409c1a40f8d15a2607d8a432bc4f80bab7"
      },
      "ms-seo": {
        "git": "https://github.com/DerMambo/ms-seo",
        "tag": "v0.1.4",
        "commit": "6cd2cad761b03fc0ae0bde23f4d418d2313d84d9"
      },
      "bootboxjs": {
        "git": "https://github.com/TimHeckel/meteor-bootboxjs.git",
        "tag": "v3.2.2",
        "commit": "580adfebfa12b4d2186a80cec1109dab74ad6228"
      },
      "jqueryui": {
        "git": "https://github.com/mizzao/meteor-jqueryui.git",
        "tag": "v1.10.4",
        "commit": "c75906fc9e1e19abf1ad5b2963925122ff8a0336"
      },
      "build-fetcher": {
        "git": "https://github.com/mizzao/meteor-build-fetcher.git",
        "tag": "v0.1.0",
        "commit": "e3813b1fc7f5c576e8e1fa4c51ae6f4687780a35"
      }
    }
  }
}
